PODS:
  - IQKeyboardManagerSwift (5.0.6)
  - R.swift (4.0.0):
    - R.swift.Library (~> 4.0.0)
  - R.swift.Library (4.0.0)
  - Realm (3.7.6):
    - Realm/Headers (= 3.7.6)
  - Realm/Headers (3.7.6)
  - RealmSwift (3.7.6):
    - Realm (= 3.7.6)
  - SwiftLint (0.23.1)
  - TextFieldEffects (1.4.0)

DEPENDENCIES:
  - IQKeyboardManagerSwift
  - R.swift
  - RealmSwift
  - SwiftLint
  - TextFieldEffects

SPEC REPOS:
  https://github.com/cocoapods/specs.git:
    - IQKeyboardManagerSwift
    - R.swift
    - R.swift.Library
    - Realm
    - RealmSwift
    - SwiftLint
    - TextFieldEffects

SPEC CHECKSUMS:
  IQKeyboardManagerSwift: 02bfbb0dff71c66d0ab77d80d25dfce0c3717735
  R.swift: d6a5ec2f55a8441dc0ed9f1f8b37d7d11ae85c66
  R.swift.Library: c3af34921024333546e23b70e70d0b4e0cffca75
  Realm: 9eaecad54712d6246d08ba34c10f354e4715d7d3
  RealmSwift: 1fe08b4ebaeeaacf17f9ba0343f7b25c9fc31fa6
  SwiftLint: 1b670ce79284c76520f84060e87d645078fd32fa
  TextFieldEffects: 4ee41b5216e674d55fb6ac25107bf1af7629176f

PODFILE CHECKSUM: 0bc7f1c12be0cdb05270b0573f8ef13f77ae0f25

COCOAPODS: 1.5.3
