// !$*UTF8*$!
{
	archiveVersion = 1;
	classes = {
	};
	objectVersion = 46;
	objects = {

/* Begin PBXBuildFile section */
		21067D5A1F3C490C00DB93E6 /* AppDelegate.swift in Sources */ = {isa = PBXBuildFile; fileRef = 21067D591F3C490C00DB93E6 /* AppDelegate.swift */; };
		21067D5F1F3C490C00DB93E6 /* Main.storyboard in Resources */ = {isa = PBXBuildFile; fileRef = 21067D5D1F3C490C00DB93E6 /* Main.storyboard */; };
		21067D621F3C490C00DB93E6 /* TaskManager.xcdatamodeld in Sources */ = {isa = PBXBuildFile; fileRef = 21067D601F3C490C00DB93E6 /* TaskManager.xcdatamodeld */; };
		21067D641F3C490C00DB93E6 /* Assets.xcassets in Resources */ = {isa = PBXBuildFile; fileRef = 21067D631F3C490C00DB93E6 /* Assets.xcassets */; };
		210793521F3F7B1D00DD5173 /* SettingsViewContoller.swift in Sources */ = {isa = PBXBuildFile; fileRef = 2107934F1F3F7B1D00DD5173 /* SettingsViewContoller.swift */; };
		210793531F3F7B1D00DD5173 /* TasksListViewController.swift in Sources */ = {isa = PBXBuildFile; fileRef = 210793501F3F7B1D00DD5173 /* TasksListViewController.swift */; };
		210793541F3F7B1D00DD5173 /* TaskViewController.swift in Sources */ = {isa = PBXBuildFile; fileRef = 210793511F3F7B1D00DD5173 /* TaskViewController.swift */; };
		210793561F3F7B2800DD5173 /* NotificationsHandler.swift in Sources */ = {isa = PBXBuildFile; fileRef = 210793551F3F7B2800DD5173 /* NotificationsHandler.swift */; };
		21FAEAA51F3DD84700219128 /* CoreDataHandler.swift in Sources */ = {isa = PBXBuildFile; fileRef = 21FAEAA41F3DD84700219128 /* CoreDataHandler.swift */; };
		21FAEAAF1F3DE20000219128 /* CategoryMO+CoreDataClass.swift in Sources */ = {isa = PBXBuildFile; fileRef = 21FAEAAB1F3DE20000219128 /* CategoryMO+CoreDataClass.swift */; };
		21FAEAB01F3DE20000219128 /* CategoryMO+CoreDataProperties.swift in Sources */ = {isa = PBXBuildFile; fileRef = 21FAEAAC1F3DE20000219128 /* CategoryMO+CoreDataProperties.swift */; };
		21FAEAB11F3DE20000219128 /* TaskMO+CoreDataClass.swift in Sources */ = {isa = PBXBuildFile; fileRef = 21FAEAAD1F3DE20000219128 /* TaskMO+CoreDataClass.swift */; };
		21FAEAB21F3DE20000219128 /* TaskMO+CoreDataProperties.swift in Sources */ = {isa = PBXBuildFile; fileRef = 21FAEAAE1F3DE20000219128 /* TaskMO+CoreDataProperties.swift */; };
		21FAEAB41F3DE93A00219128 /* CategoryMO.swift in Sources */ = {isa = PBXBuildFile; fileRef = 21FAEAB31F3DE93A00219128 /* CategoryMO.swift */; };
		21FAEAB91F3E51CC00219128 /* TaskCell.swift in Sources */ = {isa = PBXBuildFile; fileRef = 21FAEAB81F3E51CC00219128 /* TaskCell.swift */; };
		8B663D5B89CA49EFBBDA5E54 /* Pods_TaskManager.framework in Frameworks */ = {isa = PBXBuildFile; fileRef = 1BBA13587500ED369F80954D /* Pods_TaskManager.framework */; };
		931470541FBB495700477263 /* CategoryCell.swift in Sources */ = {isa = PBXBuildFile; fileRef = 931470521FBB495700477263 /* CategoryCell.swift */; };
		931470551FBB495700477263 /* CategoryCell.xib in Resources */ = {isa = PBXBuildFile; fileRef = 931470531FBB495700477263 /* CategoryCell.xib */; };
		93179F091FBC414900B404B2 /* TaskCategoryPicker.xib in Resources */ = {isa = PBXBuildFile; fileRef = 93179F081FBC414900B404B2 /* TaskCategoryPicker.xib */; };
		93179F0B1FBC416600B404B2 /* TaskCategoryPicker.swift in Sources */ = {isa = PBXBuildFile; fileRef = 93179F0A1FBC416600B404B2 /* TaskCategoryPicker.swift */; };
		93179F0F1FBC8F5300B404B2 /* CollectionViewPickerDelegate.swift in Sources */ = {isa = PBXBuildFile; fileRef = 93179F0E1FBC8F5300B404B2 /* CollectionViewPickerDelegate.swift */; };
		931A84821FB9992900D173D1 /* TaskViewModel.swift in Sources */ = {isa = PBXBuildFile; fileRef = 931A84811FB9992900D173D1 /* TaskViewModel.swift */; };
		931A84841FB99B7E00D173D1 /* TaskCategoriesViewModel.swift in Sources */ = {isa = PBXBuildFile; fileRef = 931A84831FB99B7E00D173D1 /* TaskCategoriesViewModel.swift */; };
		931A84891FB9F9A900D173D1 /* TasksListViewModel.swift in Sources */ = {isa = PBXBuildFile; fileRef = 931A84881FB9F9A900D173D1 /* TasksListViewModel.swift */; };
		933935551FB5DDE90068E483 /* PresentAlertsProtocol.swift in Sources */ = {isa = PBXBuildFile; fileRef = 933935541FB5DDE90068E483 /* PresentAlertsProtocol.swift */; };
		933935581FB600540068E483 /* CategoriesAndColors.swift in Sources */ = {isa = PBXBuildFile; fileRef = 933935571FB600540068E483 /* CategoriesAndColors.swift */; };
		936C96241FB4ACC1001FC35D /* ColorUtilities.swift in Sources */ = {isa = PBXBuildFile; fileRef = 936C96231FB4ACC1001FC35D /* ColorUtilities.swift */; };
		936C96261FB4AEB6001FC35D /* CustomDateFormatter.swift in Sources */ = {isa = PBXBuildFile; fileRef = 936C96251FB4AEB6001FC35D /* CustomDateFormatter.swift */; };
		936C96291FB4B78E001FC35D /* .swiftlint.yml in Resources */ = {isa = PBXBuildFile; fileRef = 936C96281FB4B78E001FC35D /* .swiftlint.yml */; };
		936C962B1FB5A71D001FC35D /* Identifiers.swift in Sources */ = {isa = PBXBuildFile; fileRef = 936C962A1FB5A71D001FC35D /* Identifiers.swift */; };
/* End PBXBuildFile section */

/* Begin PBXFileReference section */
		1BBA13587500ED369F80954D /* Pods_TaskManager.framework */ = {isa = PBXFileReference; explicitFileType = wrapper.framework; includeInIndex = 0; path = Pods_TaskManager.framework; sourceTree = BUILT_PRODUCTS_DIR; };
		21067D561F3C490C00DB93E6 /* TaskManager.app */ = {isa = PBXFileReference; explicitFileType = wrapper.application; includeInIndex = 0; path = TaskManager.app; sourceTree = BUILT_PRODUCTS_DIR; };
		21067D591F3C490C00DB93E6 /* AppDelegate.swift */ = {isa = PBXFileReference; lastKnownFileType = sourcecode.swift; path = AppDelegate.swift; sourceTree = "<group>"; };
		21067D5E1F3C490C00DB93E6 /* Base */ = {isa = PBXFileReference; lastKnownFileType = file.storyboard; name = Base; path = Base.lproj/Main.storyboard; sourceTree = "<group>"; };
		21067D611F3C490C00DB93E6 /* TaskManager.xcdatamodel */ = {isa = PBXFileReference; lastKnownFileType = wrapper.xcdatamodel; path = TaskManager.xcdatamodel; sourceTree = "<group>"; };
		21067D631F3C490C00DB93E6 /* Assets.xcassets */ = {isa = PBXFileReference; lastKnownFileType = folder.assetcatalog; path = Assets.xcassets; sourceTree = "<group>"; };
		21067D681F3C490C00DB93E6 /* Info.plist */ = {isa = PBXFileReference; lastKnownFileType = text.plist.xml; path = Info.plist; sourceTree = "<group>"; };
		2107934F1F3F7B1D00DD5173 /* SettingsViewContoller.swift */ = {isa = PBXFileReference; fileEncoding = 4; lastKnownFileType = sourcecode.swift; path = SettingsViewContoller.swift; sourceTree = "<group>"; };
		210793501F3F7B1D00DD5173 /* TasksListViewController.swift */ = {isa = PBXFileReference; fileEncoding = 4; lastKnownFileType = sourcecode.swift; path = TasksListViewController.swift; sourceTree = "<group>"; };
		210793511F3F7B1D00DD5173 /* TaskViewController.swift */ = {isa = PBXFileReference; fileEncoding = 4; lastKnownFileType = sourcecode.swift; path = TaskViewController.swift; sourceTree = "<group>"; };
		210793551F3F7B2800DD5173 /* NotificationsHandler.swift */ = {isa = PBXFileReference; fileEncoding = 4; lastKnownFileType = sourcecode.swift; path = NotificationsHandler.swift; sourceTree = "<group>"; };
		21FAEAA41F3DD84700219128 /* CoreDataHandler.swift */ = {isa = PBXFileReference; fileEncoding = 4; lastKnownFileType = sourcecode.swift; path = CoreDataHandler.swift; sourceTree = "<group>"; };
		21FAEAAB1F3DE20000219128 /* CategoryMO+CoreDataClass.swift */ = {isa = PBXFileReference; fileEncoding = 4; lastKnownFileType = sourcecode.swift; path = "CategoryMO+CoreDataClass.swift"; sourceTree = "<group>"; };
		21FAEAAC1F3DE20000219128 /* CategoryMO+CoreDataProperties.swift */ = {isa = PBXFileReference; fileEncoding = 4; lastKnownFileType = sourcecode.swift; path = "CategoryMO+CoreDataProperties.swift"; sourceTree = "<group>"; };
		21FAEAAD1F3DE20000219128 /* TaskMO+CoreDataClass.swift */ = {isa = PBXFileReference; fileEncoding = 4; lastKnownFileType = sourcecode.swift; path = "TaskMO+CoreDataClass.swift"; sourceTree = "<group>"; };
		21FAEAAE1F3DE20000219128 /* TaskMO+CoreDataProperties.swift */ = {isa = PBXFileReference; fileEncoding = 4; lastKnownFileType = sourcecode.swift; path = "TaskMO+CoreDataProperties.swift"; sourceTree = "<group>"; };
		21FAEAB31F3DE93A00219128 /* CategoryMO.swift */ = {isa = PBXFileReference; fileEncoding = 4; lastKnownFileType = sourcecode.swift; path = CategoryMO.swift; sourceTree = "<group>"; };
		21FAEAB81F3E51CC00219128 /* TaskCell.swift */ = {isa = PBXFileReference; fileEncoding = 4; lastKnownFileType = sourcecode.swift; name = TaskCell.swift; path = TaskManager/Views/TaskCell.swift; sourceTree = "<group>"; };
		4BC7BA87B1A55A32C7BF6AC2 /* Pods-TaskManager.debug.xcconfig */ = {isa = PBXFileReference; includeInIndex = 1; lastKnownFileType = text.xcconfig; name = "Pods-TaskManager.debug.xcconfig"; path = "Pods/Target Support Files/Pods-TaskManager/Pods-TaskManager.debug.xcconfig"; sourceTree = "<group>"; };
		931470521FBB495700477263 /* CategoryCell.swift */ = {isa = PBXFileReference; lastKnownFileType = sourcecode.swift; path = CategoryCell.swift; sourceTree = "<group>"; };
		931470531FBB495700477263 /* CategoryCell.xib */ = {isa = PBXFileReference; lastKnownFileType = file.xib; path = CategoryCell.xib; sourceTree = "<group>"; };
		93179F081FBC414900B404B2 /* TaskCategoryPicker.xib */ = {isa = PBXFileReference; lastKnownFileType = file.xib; path = TaskCategoryPicker.xib; sourceTree = "<group>"; };
		93179F0A1FBC416600B404B2 /* TaskCategoryPicker.swift */ = {isa = PBXFileReference; lastKnownFileType = sourcecode.swift; path = TaskCategoryPicker.swift; sourceTree = "<group>"; };
		93179F0E1FBC8F5300B404B2 /* CollectionViewPickerDelegate.swift */ = {isa = PBXFileReference; lastKnownFileType = sourcecode.swift; path = CollectionViewPickerDelegate.swift; sourceTree = "<group>"; };
		931A84811FB9992900D173D1 /* TaskViewModel.swift */ = {isa = PBXFileReference; lastKnownFileType = sourcecode.swift; path = TaskViewModel.swift; sourceTree = "<group>"; };
		931A84831FB99B7E00D173D1 /* TaskCategoriesViewModel.swift */ = {isa = PBXFileReference; lastKnownFileType = sourcecode.swift; path = TaskCategoriesViewModel.swift; sourceTree = "<group>"; };
		931A84881FB9F9A900D173D1 /* TasksListViewModel.swift */ = {isa = PBXFileReference; lastKnownFileType = sourcecode.swift; path = TasksListViewModel.swift; sourceTree = "<group>"; };
		933935541FB5DDE90068E483 /* PresentAlertsProtocol.swift */ = {isa = PBXFileReference; lastKnownFileType = sourcecode.swift; path = PresentAlertsProtocol.swift; sourceTree = "<group>"; };
		933935571FB600540068E483 /* CategoriesAndColors.swift */ = {isa = PBXFileReference; lastKnownFileType = sourcecode.swift; path = CategoriesAndColors.swift; sourceTree = "<group>"; };
		936C96231FB4ACC1001FC35D /* ColorUtilities.swift */ = {isa = PBXFileReference; lastKnownFileType = sourcecode.swift; path = ColorUtilities.swift; sourceTree = "<group>"; };
		936C96251FB4AEB6001FC35D /* CustomDateFormatter.swift */ = {isa = PBXFileReference; lastKnownFileType = sourcecode.swift; path = CustomDateFormatter.swift; sourceTree = "<group>"; };
		936C96281FB4B78E001FC35D /* .swiftlint.yml */ = {isa = PBXFileReference; lastKnownFileType = text; path = .swiftlint.yml; sourceTree = "<group>"; };
		936C962A1FB5A71D001FC35D /* Identifiers.swift */ = {isa = PBXFileReference; lastKnownFileType = sourcecode.swift; path = Identifiers.swift; sourceTree = "<group>"; };
		C920F567078E7116EA2DA1A8 /* Pods-TaskManager.release.xcconfig */ = {isa = PBXFileReference; includeInIndex = 1; lastKnownFileType = text.xcconfig; name = "Pods-TaskManager.release.xcconfig"; path = "Pods/Target Support Files/Pods-TaskManager/Pods-TaskManager.release.xcconfig"; sourceTree = "<group>"; };
/* End PBXFileReference section */

/* Begin PBXFrameworksBuildPhase section */
		21067D531F3C490C00DB93E6 /* Frameworks */ = {
			isa = PBXFrameworksBuildPhase;
			buildActionMask = 2147483647;
			files = (
				8B663D5B89CA49EFBBDA5E54 /* Pods_TaskManager.framework in Frameworks */,
			);
			runOnlyForDeploymentPostprocessing = 0;
		};
/* End PBXFrameworksBuildPhase section */

/* Begin PBXGroup section */
		21067D4D1F3C490C00DB93E6 = {
			isa = PBXGroup;
			children = (
				936C96281FB4B78E001FC35D /* .swiftlint.yml */,
				21067D581F3C490C00DB93E6 /* TaskManager */,
				21067D571F3C490C00DB93E6 /* Products */,
				298EED2DC2E0A9352EC2529F /* Pods */,
				221C43604C79453416A6A5BF /* Frameworks */,
			);
			sourceTree = "<group>";
		};
		21067D571F3C490C00DB93E6 /* Products */ = {
			isa = PBXGroup;
			children = (
				21067D561F3C490C00DB93E6 /* TaskManager.app */,
			);
			name = Products;
			sourceTree = "<group>";
		};
		21067D581F3C490C00DB93E6 /* TaskManager */ = {
			isa = PBXGroup;
			children = (
				21067D591F3C490C00DB93E6 /* AppDelegate.swift */,
				21067D5D1F3C490C00DB93E6 /* Main.storyboard */,
				21067D601F3C490C00DB93E6 /* TaskManager.xcdatamodeld */,
				2107934E1F3F777400DD5173 /* Notifications */,
				933935531FB5DD870068E483 /* Protocols */,
				936C96221FB4AC96001FC35D /* Utilities */,
				21FAEA9B1F3DD71800219128 /* Core Data */,
				21FAEAB51F3E299200219128 /* Views */,
				21FAEA861F3DCA7800219128 /* View Controllers */,
				21FAEA871F3DCA8D00219128 /* Supporting Files */,
				933935561FB5FFF90068E483 /* Resources */,
			);
			path = TaskManager;
			sourceTree = "<group>";
		};
		2107934E1F3F777400DD5173 /* Notifications */ = {
			isa = PBXGroup;
			children = (
				210793551F3F7B2800DD5173 /* NotificationsHandler.swift */,
			);
			path = Notifications;
			sourceTree = "<group>";
		};
		21FAEA861F3DCA7800219128 /* View Controllers */ = {
			isa = PBXGroup;
			children = (
				931A84871FB9F98600D173D1 /* Settings */,
				931A84861FB9F97700D173D1 /* TasksList */,
				931A84801FB998CF00D173D1 /* Task */,
			);
			path = "View Controllers";
			sourceTree = "<group>";
		};
		21FAEA871F3DCA8D00219128 /* Supporting Files */ = {
			isa = PBXGroup;
			children = (
				21067D631F3C490C00DB93E6 /* Assets.xcassets */,
				21067D681F3C490C00DB93E6 /* Info.plist */,
			);
			name = "Supporting Files";
			sourceTree = "<group>";
		};
		21FAEA9B1F3DD71800219128 /* Core Data */ = {
			isa = PBXGroup;
			children = (
				21FAEAAA1F3DE06400219128 /* Managed Objects */,
				21FAEAA41F3DD84700219128 /* CoreDataHandler.swift */,
			);
			path = "Core Data";
			sourceTree = "<group>";
		};
		21FAEAAA1F3DE06400219128 /* Managed Objects */ = {
			isa = PBXGroup;
			children = (
				21FAEAAB1F3DE20000219128 /* CategoryMO+CoreDataClass.swift */,
				21FAEAAC1F3DE20000219128 /* CategoryMO+CoreDataProperties.swift */,
				21FAEAAD1F3DE20000219128 /* TaskMO+CoreDataClass.swift */,
				21FAEAAE1F3DE20000219128 /* TaskMO+CoreDataProperties.swift */,
				21FAEAB31F3DE93A00219128 /* CategoryMO.swift */,
			);
			path = "Managed Objects";
			sourceTree = "<group>";
		};
		21FAEAB51F3E299200219128 /* Views */ = {
			isa = PBXGroup;
			children = (
				9314704C1FBB461300477263 /* CategoryPickerView */,
				21FAEAB81F3E51CC00219128 /* TaskCell.swift */,
			);
			name = Views;
			path = ..;
			sourceTree = "<group>";
		};
		221C43604C79453416A6A5BF /* Frameworks */ = {
			isa = PBXGroup;
			children = (
				1BBA13587500ED369F80954D /* Pods_TaskManager.framework */,
			);
			name = Frameworks;
			sourceTree = "<group>";
		};
		298EED2DC2E0A9352EC2529F /* Pods */ = {
			isa = PBXGroup;
			children = (
				4BC7BA87B1A55A32C7BF6AC2 /* Pods-TaskManager.debug.xcconfig */,
				C920F567078E7116EA2DA1A8 /* Pods-TaskManager.release.xcconfig */,
			);
			name = Pods;
			sourceTree = "<group>";
		};
		9314704C1FBB461300477263 /* CategoryPickerView */ = {
			isa = PBXGroup;
			children = (
				931470511FBB493100477263 /* CategoryCell */,
				93179F0A1FBC416600B404B2 /* TaskCategoryPicker.swift */,
				93179F081FBC414900B404B2 /* TaskCategoryPicker.xib */,
				93179F0E1FBC8F5300B404B2 /* CollectionViewPickerDelegate.swift */,
			);
			path = CategoryPickerView;
			sourceTree = "<group>";
		};
		931470511FBB493100477263 /* CategoryCell */ = {
			isa = PBXGroup;
			children = (
				931470521FBB495700477263 /* CategoryCell.swift */,
				931470531FBB495700477263 /* CategoryCell.xib */,
			);
			path = CategoryCell;
			sourceTree = "<group>";
		};
		931A84801FB998CF00D173D1 /* Task */ = {
			isa = PBXGroup;
			children = (
				210793511F3F7B1D00DD5173 /* TaskViewController.swift */,
				931A84811FB9992900D173D1 /* TaskViewModel.swift */,
				931A84831FB99B7E00D173D1 /* TaskCategoriesViewModel.swift */,
			);
			path = Task;
			sourceTree = "<group>";
		};
		931A84861FB9F97700D173D1 /* TasksList */ = {
			isa = PBXGroup;
			children = (
				210793501F3F7B1D00DD5173 /* TasksListViewController.swift */,
				931A84881FB9F9A900D173D1 /* TasksListViewModel.swift */,
			);
			path = TasksList;
			sourceTree = "<group>";
		};
		931A84871FB9F98600D173D1 /* Settings */ = {
			isa = PBXGroup;
			children = (
				2107934F1F3F7B1D00DD5173 /* SettingsViewContoller.swift */,
			);
			path = Settings;
			sourceTree = "<group>";
		};
		933935531FB5DD870068E483 /* Protocols */ = {
			isa = PBXGroup;
			children = (
				933935541FB5DDE90068E483 /* PresentAlertsProtocol.swift */,
			);
			path = Protocols;
			sourceTree = "<group>";
		};
		933935561FB5FFF90068E483 /* Resources */ = {
			isa = PBXGroup;
			children = (
				933935571FB600540068E483 /* CategoriesAndColors.swift */,
			);
			path = Resources;
			sourceTree = "<group>";
		};
		936C96221FB4AC96001FC35D /* Utilities */ = {
			isa = PBXGroup;
			children = (
				936C96231FB4ACC1001FC35D /* ColorUtilities.swift */,
				936C96251FB4AEB6001FC35D /* CustomDateFormatter.swift */,
				936C962A1FB5A71D001FC35D /* Identifiers.swift */,
			);
			path = Utilities;
			sourceTree = "<group>";
		};
/* End PBXGroup section */

/* Begin PBXNativeTarget section */
		21067D551F3C490C00DB93E6 /* TaskManager */ = {
			isa = PBXNativeTarget;
			buildConfigurationList = 21067D6B1F3C490C00DB93E6 /* Build configuration list for PBXNativeTarget "TaskManager" */;
			buildPhases = (
				98AE6CFB9147381E07FA0F51 /* [CP] Check Pods Manifest.lock */,
				21067D521F3C490C00DB93E6 /* Sources */,
				21067D531F3C490C00DB93E6 /* Frameworks */,
				21067D541F3C490C00DB93E6 /* Resources */,
				936C96271FB4B385001FC35D /* ShellScript */,
				39EC22483D00BC6985CAEA3D /* [CP] Embed Pods Frameworks */,
				D9F8413E23283ADA9D04201C /* [CP] Copy Pods Resources */,
			);
			buildRules = (
			);
			dependencies = (
			);
			name = TaskManager;
			productName = TaskManager;
			productReference = 21067D561F3C490C00DB93E6 /* TaskManager.app */;
			productType = "com.apple.product-type.application";
		};
/* End PBXNativeTarget section */

/* Begin PBXProject section */
		21067D4E1F3C490C00DB93E6 /* Project object */ = {
			isa = PBXProject;
			attributes = {
				LastSwiftUpdateCheck = 0830;
				LastUpgradeCheck = 0910;
				ORGANIZATIONNAME = zlatnanikolova;
				TargetAttributes = {
					21067D551F3C490C00DB93E6 = {
						CreatedOnToolsVersion = 8.3.3;
						DevelopmentTeam = F82P3K6VEW;
						LastSwiftMigration = 0910;
						ProvisioningStyle = Automatic;
					};
				};
			};
			buildConfigurationList = 21067D511F3C490C00DB93E6 /* Build configuration list for PBXProject "TaskManager" */;
			compatibilityVersion = "Xcode 3.2";
			developmentRegion = English;
			hasScannedForEncodings = 0;
			knownRegions = (
				en,
				Base,
			);
			mainGroup = 21067D4D1F3C490C00DB93E6;
			productRefGroup = 21067D571F3C490C00DB93E6 /* Products */;
			projectDirPath = "";
			projectRoot = "";
			targets = (
				21067D551F3C490C00DB93E6 /* TaskManager */,
			);
		};
/* End PBXProject section */

/* Begin PBXResourcesBuildPhase section */
		21067D541F3C490C00DB93E6 /* Resources */ = {
			isa = PBXResourcesBuildPhase;
			buildActionMask = 2147483647;
			files = (
				936C96291FB4B78E001FC35D /* .swiftlint.yml in Resources */,
				93179F091FBC414900B404B2 /* TaskCategoryPicker.xib in Resources */,
				21067D641F3C490C00DB93E6 /* Assets.xcassets in Resources */,
				21067D5F1F3C490C00DB93E6 /* Main.storyboard in Resources */,
				931470551FBB495700477263 /* CategoryCell.xib in Resources */,
			);
			runOnlyForDeploymentPostprocessing = 0;
		};
/* End PBXResourcesBuildPhase section */

/* Begin PBXShellScriptBuildPhase section */
		39EC22483D00BC6985CAEA3D /* [CP] Embed Pods Frameworks */ = {
			isa = PBXShellScriptBuildPhase;
			buildActionMask = 2147483647;
			files = (
			);
			inputPaths = (
				"${SRCROOT}/Pods/Target Support Files/Pods-TaskManager/Pods-TaskManager-frameworks.sh",
				"${BUILT_PRODUCTS_DIR}/IQKeyboardManagerSwift/IQKeyboardManagerSwift.framework",
				"${BUILT_PRODUCTS_DIR}/TextFieldEffects/TextFieldEffects.framework",
			);
			name = "[CP] Embed Pods Frameworks";
			outputPaths = (
				"${TARGET_BUILD_DIR}/${FRAMEWORKS_FOLDER_PATH}/IQKeyboardManagerSwift.framework",
				"${TARGET_BUILD_DIR}/${FRAMEWORKS_FOLDER_PATH}/TextFieldEffects.framework",
			);
			runOnlyForDeploymentPostprocessing = 0;
			shellPath = /bin/sh;
			shellScript = "\"${SRCROOT}/Pods/Target Support Files/Pods-TaskManager/Pods-TaskManager-frameworks.sh\"\n";
			showEnvVarsInLog = 0;
		};
		936C96271FB4B385001FC35D /* ShellScript */ = {
			isa = PBXShellScriptBuildPhase;
			buildActionMask = 2147483647;
			files = (
			);
			inputPaths = (
			);
			outputPaths = (
			);
			runOnlyForDeploymentPostprocessing = 0;
			shellPath = /bin/sh;
			shellScript = "if which swiftlint >/dev/null; then\nswiftlint\nelse\necho \"${PODS_ROOT}/SwiftLint/swiftlint\"\nfi";
		};
		98AE6CFB9147381E07FA0F51 /* [CP] Check Pods Manifest.lock */ = {
			isa = PBXShellScriptBuildPhase;
			buildActionMask = 2147483647;
			files = (
			);
			inputPaths = (
				"${PODS_PODFILE_DIR_PATH}/Podfile.lock",
				"${PODS_ROOT}/Manifest.lock",
			);
			name = "[CP] Check Pods Manifest.lock";
			outputPaths = (
				"$(DERIVED_FILE_DIR)/Pods-TaskManager-checkManifestLockResult.txt",
			);
			runOnlyForDeploymentPostprocessing = 0;
			shellPath = /bin/sh;
			shellScript = "diff \"${PODS_PODFILE_DIR_PATH}/Podfile.lock\" \"${PODS_ROOT}/Manifest.lock\" > /dev/null\nif [ $? != 0 ] ; then\n    # print error to STDERR\n    echo \"error: The sandbox is not in sync with the Podfile.lock. Run 'pod install' or update your CocoaPods installation.\" >&2\n    exit 1\nfi\n# This output is used by Xcode 'outputs' to avoid re-running this script phase.\necho \"SUCCESS\" > \"${SCRIPT_OUTPUT_FILE_0}\"\n";
			showEnvVarsInLog = 0;
		};
		D9F8413E23283ADA9D04201C /* [CP] Copy Pods Resources */ = {
			isa = PBXShellScriptBuildPhase;
			buildActionMask = 2147483647;
			files = (
			);
			inputPaths = (
			);
			name = "[CP] Copy Pods Resources";
			outputPaths = (
			);
			runOnlyForDeploymentPostprocessing = 0;
			shellPath = /bin/sh;
			shellScript = "\"${SRCROOT}/Pods/Target Support Files/Pods-TaskManager/Pods-TaskManager-resources.sh\"\n";
			showEnvVarsInLog = 0;
		};
/* End PBXShellScriptBuildPhase section */

/* Begin PBXSourcesBuildPhase section */
		21067D521F3C490C00DB93E6 /* Sources */ = {
			isa = PBXSourcesBuildPhase;
			buildActionMask = 2147483647;
			files = (
				936C962B1FB5A71D001FC35D /* Identifiers.swift in Sources */,
				936C96241FB4ACC1001FC35D /* ColorUtilities.swift in Sources */,
				933935581FB600540068E483 /* CategoriesAndColors.swift in Sources */,
				210793561F3F7B2800DD5173 /* NotificationsHandler.swift in Sources */,
				210793521F3F7B1D00DD5173 /* SettingsViewContoller.swift in Sources */,
				931470541FBB495700477263 /* CategoryCell.swift in Sources */,
				931A84891FB9F9A900D173D1 /* TasksListViewModel.swift in Sources */,
				21FAEAAF1F3DE20000219128 /* CategoryMO+CoreDataClass.swift in Sources */,
				21FAEAA51F3DD84700219128 /* CoreDataHandler.swift in Sources */,
				93179F0F1FBC8F5300B404B2 /* CollectionViewPickerDelegate.swift in Sources */,
				21FAEAB01F3DE20000219128 /* CategoryMO+CoreDataProperties.swift in Sources */,
				936C96261FB4AEB6001FC35D /* CustomDateFormatter.swift in Sources */,
				931A84841FB99B7E00D173D1 /* TaskCategoriesViewModel.swift in Sources */,
				21FAEAB91F3E51CC00219128 /* TaskCell.swift in Sources */,
				210793541F3F7B1D00DD5173 /* TaskViewController.swift in Sources */,
				931A84821FB9992900D173D1 /* TaskViewModel.swift in Sources */,
				210793531F3F7B1D00DD5173 /* TasksListViewController.swift in Sources */,
				21FAEAB11F3DE20000219128 /* TaskMO+CoreDataClass.swift in Sources */,
				933935551FB5DDE90068E483 /* PresentAlertsProtocol.swift in Sources */,
				21067D621F3C490C00DB93E6 /* TaskManager.xcdatamodeld in Sources */,
				93179F0B1FBC416600B404B2 /* TaskCategoryPicker.swift in Sources */,
				21FAEAB21F3DE20000219128 /* TaskMO+CoreDataProperties.swift in Sources */,
				21067D5A1F3C490C00DB93E6 /* AppDelegate.swift in Sources */,
				21FAEAB41F3DE93A00219128 /* CategoryMO.swift in Sources */,
			);
			runOnlyForDeploymentPostprocessing = 0;
		};
/* End PBXSourcesBuildPhase section */

/* Begin PBXVariantGroup section */
		21067D5D1F3C490C00DB93E6 /* Main.storyboard */ = {
			isa = PBXVariantGroup;
			children = (
				21067D5E1F3C490C00DB93E6 /* Base */,
			);
			name = Main.storyboard;
			sourceTree = "<group>";
		};
/* End PBXVariantGroup section */

/* Begin XCBuildConfiguration section */
		21067D691F3C490C00DB93E6 /* Debug */ = {
			isa = XCBuildConfiguration;
			buildSettings = {
				ALWAYS_SEARCH_USER_PATHS = NO;
				CLANG_ANALYZER_NONNULL = YES;
				CLANG_ANALYZER_NUMBER_OBJECT_CONVERSION = YES_AGGRESSIVE;
				CLANG_CXX_LANGUAGE_STANDARD = "gnu++0x";
				CLANG_CXX_LIBRARY = "libc++";
				CLANG_ENABLE_MODULES = YES;
				CLANG_ENABLE_OBJC_ARC = YES;
				CLANG_WARN_BLOCK_CAPTURE_AUTORELEASING = YES;
				CLANG_WARN_BOOL_CONVERSION = YES;
				CLANG_WARN_COMMA = YES;
				CLANG_WARN_CONSTANT_CONVERSION = YES;
				CLANG_WARN_DIRECT_OBJC_ISA_USAGE = YES_ERROR;
				CLANG_WARN_DOCUMENTATION_COMMENTS = YES;
				CLANG_WARN_EMPTY_BODY = YES;
				CLANG_WARN_ENUM_CONVERSION = YES;
				CLANG_WARN_INFINITE_RECURSION = YES;
				CLANG_WARN_INT_CONVERSION = YES;
				CLANG_WARN_NON_LITERAL_NULL_CONVERSION = YES;
				CLANG_WARN_OBJC_LITERAL_CONVERSION = YES;
				CLANG_WARN_OBJC_ROOT_CLASS = YES_ERROR;
				CLANG_WARN_RANGE_LOOP_ANALYSIS = YES;
				CLANG_WARN_STRICT_PROTOTYPES = YES;
				CLANG_WARN_SUSPICIOUS_MOVE = YES;
				CLANG_WARN_UNREACHABLE_CODE = YES;
				CLANG_WARN__DUPLICATE_METHOD_MATCH = YES;
				"CODE_SIGN_IDENTITY[sdk=iphoneos*]" = "iPhone Developer";
				COPY_PHASE_STRIP = NO;
				DEBUG_INFORMATION_FORMAT = dwarf;
				ENABLE_STRICT_OBJC_MSGSEND = YES;
				ENABLE_TESTABILITY = YES;
				GCC_C_LANGUAGE_STANDARD = gnu99;
				GCC_DYNAMIC_NO_PIC = NO;
				GCC_NO_COMMON_BLOCKS = YES;
				GCC_OPTIMIZATION_LEVEL = 0;
				GCC_PREPROCESSOR_DEFINITIONS = (
					"DEBUG=1",
					"$(inherited)",
				);
				GCC_WARN_64_TO_32_BIT_CONVERSION = YES;
				GCC_WARN_ABOUT_RETURN_TYPE = YES_ERROR;
				GCC_WARN_UNDECLARED_SELECTOR = YES;
				GCC_WARN_UNINITIALIZED_AUTOS = YES_AGGRESSIVE;
				GCC_WARN_UNUSED_FUNCTION = YES;
				GCC_WARN_UNUSED_VARIABLE = YES;
				IPHONEOS_DEPLOYMENT_TARGET = 10.3;
				MTL_ENABLE_DEBUG_INFO = YES;
				ONLY_ACTIVE_ARCH = YES;
				SDKROOT = iphoneos;
				SWIFT_ACTIVE_COMPILATION_CONDITIONS = DEBUG;
				SWIFT_OPTIMIZATION_LEVEL = "-Onone";
				TARGETED_DEVICE_FAMILY = "1,2";
			};
			name = Debug;
		};
		21067D6A1F3C490C00DB93E6 /* Release */ = {
			isa = XCBuildConfiguration;
			buildSettings = {
				ALWAYS_SEARCH_USER_PATHS = NO;
				CLANG_ANALYZER_NONNULL = YES;
				CLANG_ANALYZER_NUMBER_OBJECT_CONVERSION = YES_AGGRESSIVE;
				CLANG_CXX_LANGUAGE_STANDARD = "gnu++0x";
				CLANG_CXX_LIBRARY = "libc++";
				CLANG_ENABLE_MODULES = YES;
				CLANG_ENABLE_OBJC_ARC = YES;
				CLANG_WARN_BLOCK_CAPTURE_AUTORELEASING = YES;
				CLANG_WARN_BOOL_CONVERSION = YES;
				CLANG_WARN_COMMA = YES;
				CLANG_WARN_CONSTANT_CONVERSION = YES;
				CLANG_WARN_DIRECT_OBJC_ISA_USAGE = YES_ERROR;
				CLANG_WARN_DOCUMENTATION_COMMENTS = YES;
				CLANG_WARN_EMPTY_BODY = YES;
				CLANG_WARN_ENUM_CONVERSION = YES;
				CLANG_WARN_INFINITE_RECURSION = YES;
				CLANG_WARN_INT_CONVERSION = YES;
				CLANG_WARN_NON_LITERAL_NULL_CONVERSION = YES;
				CLANG_WARN_OBJC_LITERAL_CONVERSION = YES;
				CLANG_WARN_OBJC_ROOT_CLASS = YES_ERROR;
				CLANG_WARN_RANGE_LOOP_ANALYSIS = YES;
				CLANG_WARN_STRICT_PROTOTYPES = YES;
				CLANG_WARN_SUSPICIOUS_MOVE = YES;
				CLANG_WARN_UNREACHABLE_CODE = YES;
				CLANG_WARN__DUPLICATE_METHOD_MATCH = YES;
				"CODE_SIGN_IDENTITY[sdk=iphoneos*]" = "iPhone Developer";
				COPY_PHASE_STRIP = NO;
				DEBUG_INFORMATION_FORMAT = "dwarf-with-dsym";
				ENABLE_NS_ASSERTIONS = NO;
				ENABLE_STRICT_OBJC_MSGSEND = YES;
				GCC_C_LANGUAGE_STANDARD = gnu99;
				GCC_NO_COMMON_BLOCKS = YES;
				GCC_WARN_64_TO_32_BIT_CONVERSION = YES;
				GCC_WARN_ABOUT_RETURN_TYPE = YES_ERROR;
				GCC_WARN_UNDECLARED_SELECTOR = YES;
				GCC_WARN_UNINITIALIZED_AUTOS = YES_AGGRESSIVE;
				GCC_WARN_UNUSED_FUNCTION = YES;
				GCC_WARN_UNUSED_VARIABLE = YES;
				IPHONEOS_DEPLOYMENT_TARGET = 10.3;
				MTL_ENABLE_DEBUG_INFO = NO;
				SDKROOT = iphoneos;
				SWIFT_OPTIMIZATION_LEVEL = "-Owholemodule";
				TARGETED_DEVICE_FAMILY = "1,2";
				VALIDATE_PRODUCT = YES;
			};
			name = Release;
		};
		21067D6C1F3C490C00DB93E6 /* Debug */ = {
			isa = XCBuildConfiguration;
			baseConfigurationReference = 4BC7BA87B1A55A32C7BF6AC2 /* Pods-TaskManager.debug.xcconfig */;
			buildSettings = {
				ASSETCATALOG_COMPILER_APPICON_NAME = AppIcon;
				ASSETCATALOG_COMPILER_LAUNCHIMAGE_NAME = LaunchImage;
				DEVELOPMENT_TEAM = F82P3K6VEW;
				INFOPLIST_FILE = TaskManager/Info.plist;
				LD_RUNPATH_SEARCH_PATHS = "$(inherited) @executable_path/Frameworks";
				PRODUCT_BUNDLE_IDENTIFIER = com.zlatnanikolova.TaskManager;
				PRODUCT_NAME = "$(TARGET_NAME)";
				SWIFT_SWIFT3_OBJC_INFERENCE = On;
				SWIFT_VERSION = 4.0;
			};
			name = Debug;
		};
		21067D6D1F3C490C00DB93E6 /* Release */ = {
			isa = XCBuildConfiguration;
			baseConfigurationReference = C920F567078E7116EA2DA1A8 /* Pods-TaskManager.release.xcconfig */;
			buildSettings = {
				ASSETCATALOG_COMPILER_APPICON_NAME = AppIcon;
				ASSETCATALOG_COMPILER_LAUNCHIMAGE_NAME = LaunchImage;
				DEVELOPMENT_TEAM = F82P3K6VEW;
				INFOPLIST_FILE = TaskManager/Info.plist;
				LD_RUNPATH_SEARCH_PATHS = "$(inherited) @executable_path/Frameworks";
				PRODUCT_BUNDLE_IDENTIFIER = com.zlatnanikolova.TaskManager;
				PRODUCT_NAME = "$(TARGET_NAME)";
				SWIFT_SWIFT3_OBJC_INFERENCE = On;
				SWIFT_VERSION = 4.0;
			};
			name = Release;
		};
/* End XCBuildConfiguration section */

/* Begin XCConfigurationList section */
		21067D511F3C490C00DB93E6 /* Build configuration list for PBXProject "TaskManager" */ = {
			isa = XCConfigurationList;
			buildConfigurations = (
				21067D691F3C490C00DB93E6 /* Debug */,
				21067D6A1F3C490C00DB93E6 /* Release */,
			);
			defaultConfigurationIsVisible = 0;
			defaultConfigurationName = Release;
		};
		21067D6B1F3C490C00DB93E6 /* Build configuration list for PBXNativeTarget "TaskManager" */ = {
			isa = XCConfigurationList;
			buildConfigurations = (
				21067D6C1F3C490C00DB93E6 /* Debug */,
				21067D6D1F3C490C00DB93E6 /* Release */,
			);
			defaultConfigurationIsVisible = 0;
			defaultConfigurationName = Release;
		};
/* End XCConfigurationList section */

/* Begin XCVersionGroup section */
		21067D601F3C490C00DB93E6 /* TaskManager.xcdatamodeld */ = {
			isa = XCVersionGroup;
			children = (
				21067D611F3C490C00DB93E6 /* TaskManager.xcdatamodel */,
			);
			currentVersion = 21067D611F3C490C00DB93E6 /* TaskManager.xcdatamodel */;
			path = TaskManager.xcdatamodeld;
			sourceTree = "<group>";
			versionGroupType = wrapper.xcdatamodel;
		};
/* End XCVersionGroup section */
	};
	rootObject = 21067D4E1F3C490C00DB93E6 /* Project object */;
}
